// !$*UTF8*$!
{
	archiveVersion = 1;
	classes = {
	};
	objectVersion = 56;
	objects = {

/* Begin PBXBuildFile section */
		021E23DC2B0CE0A400F17C72 /* SettingsLabelView.swift in Sources */ = {isa = PBXBuildFile; fileRef = 021E23DB2B0CE0A400F17C72 /* SettingsLabelView.swift */; };
		021E23DE2B0CE38B00F17C72 /* SettingsContentView.swift in Sources */ = {isa = PBXBuildFile; fileRef = 021E23DD2B0CE38B00F17C72 /* SettingsContentView.swift */; };
		025E7B892B0B51F10013F780 /* FruitsPaginationApp.swift in Sources */ = {isa = PBXBuildFile; fileRef = 025E7B882B0B51F10013F780 /* FruitsPaginationApp.swift */; };
		025E7B8B2B0B51F10013F780 /* ContentView.swift in Sources */ = {isa = PBXBuildFile; fileRef = 025E7B8A2B0B51F10013F780 /* ContentView.swift */; };
		025E7B8D2B0B51F30013F780 /* Assets.xcassets in Resources */ = {isa = PBXBuildFile; fileRef = 025E7B8C2B0B51F30013F780 /* Assets.xcassets */; };
		025E7B902B0B51F30013F780 /* Preview Assets.xcassets in Resources */ = {isa = PBXBuildFile; fileRef = 025E7B8F2B0B51F30013F780 /* Preview Assets.xcassets */; };
		025E7B9A2B0B60C00013F780 /* FruitCardView.swift in Sources */ = {isa = PBXBuildFile; fileRef = 025E7B992B0B60C00013F780 /* FruitCardView.swift */; };
		025E7B9C2B0B67180013F780 /* StartButtonView.swift in Sources */ = {isa = PBXBuildFile; fileRef = 025E7B9B2B0B67180013F780 /* StartButtonView.swift */; };
		025E7B9E2B0B6F0F0013F780 /* OnboardingView.swift in Sources */ = {isa = PBXBuildFile; fileRef = 025E7B9D2B0B6F0F0013F780 /* OnboardingView.swift */; };
		025E7BA12B0BABA00013F780 /* FruitsModel.swift in Sources */ = {isa = PBXBuildFile; fileRef = 025E7BA02B0BABA00013F780 /* FruitsModel.swift */; };
		025E7BA32B0BACCB0013F780 /* FruitData.swift in Sources */ = {isa = PBXBuildFile; fileRef = 025E7BA22B0BACCB0013F780 /* FruitData.swift */; };
		025E7BA52B0C71190013F780 /* FruitRowView.swift in Sources */ = {isa = PBXBuildFile; fileRef = 025E7BA42B0C71190013F780 /* FruitRowView.swift */; };
		025E7BA72B0CACF20013F780 /* FruitDetailView.swift in Sources */ = {isa = PBXBuildFile; fileRef = 025E7BA62B0CACF20013F780 /* FruitDetailView.swift */; };
		025E7BA92B0CBA8E0013F780 /* FruitHeaderView.swift in Sources */ = {isa = PBXBuildFile; fileRef = 025E7BA82B0CBA8E0013F780 /* FruitHeaderView.swift */; };
		025E7BAB2B0CBD460013F780 /* SourceLinkView.swift in Sources */ = {isa = PBXBuildFile; fileRef = 025E7BAA2B0CBD460013F780 /* SourceLinkView.swift */; };
		025E7BAD2B0CC2540013F780 /* FruitNutrientsView.swift in Sources */ = {isa = PBXBuildFile; fileRef = 025E7BAC2B0CC2540013F780 /* FruitNutrientsView.swift */; };
		025E7BAF2B0CD5B20013F780 /* SettingsView.swift in Sources */ = {isa = PBXBuildFile; fileRef = 025E7BAE2B0CD5B20013F780 /* SettingsView.swift */; };
/* End PBXBuildFile section */

/* Begin PBXFileReference section */
		021E23DB2B0CE0A400F17C72 /* SettingsLabelView.swift */ = {isa = PBXFileReference; lastKnownFileType = sourcecode.swift; path = SettingsLabelView.swift; sourceTree = "<group>"; };
		021E23DD2B0CE38B00F17C72 /* SettingsContentView.swift */ = {isa = PBXFileReference; lastKnownFileType = sourcecode.swift; path = SettingsContentView.swift; sourceTree = "<group>"; };
		025E7B852B0B51F10013F780 /* FruitsPagination.app */ = {isa = PBXFileReference; explicitFileType = wrapper.application; includeInIndex = 0; path = FruitsPagination.app; sourceTree = BUILT_PRODUCTS_DIR; };
		025E7B882B0B51F10013F780 /* FruitsPaginationApp.swift */ = {isa = PBXFileReference; lastKnownFileType = sourcecode.swift; path = FruitsPaginationApp.swift; sourceTree = "<group>"; };
		025E7B8A2B0B51F10013F780 /* ContentView.swift */ = {isa = PBXFileReference; lastKnownFileType = sourcecode.swift; path = ContentView.swift; sourceTree = "<group>"; };
		025E7B8C2B0B51F30013F780 /* Assets.xcassets */ = {isa = PBXFileReference; lastKnownFileType = folder.assetcatalog; path = Assets.xcassets; sourceTree = "<group>"; };
		025E7B8F2B0B51F30013F780 /* Preview Assets.xcassets */ = {isa = PBXFileReference; lastKnownFileType = folder.assetcatalog; path = "Preview Assets.xcassets"; sourceTree = "<group>"; };
		025E7B992B0B60C00013F780 /* FruitCardView.swift */ = {isa = PBXFileReference; lastKnownFileType = sourcecode.swift; path = FruitCardView.swift; sourceTree = "<group>"; };
		025E7B9B2B0B67180013F780 /* StartButtonView.swift */ = {isa = PBXFileReference; lastKnownFileType = sourcecode.swift; path = StartButtonView.swift; sourceTree = "<group>"; };
		025E7B9D2B0B6F0F0013F780 /* OnboardingView.swift */ = {isa = PBXFileReference; lastKnownFileType = sourcecode.swift; path = OnboardingView.swift; sourceTree = "<group>"; };
		025E7BA02B0BABA00013F780 /* FruitsModel.swift */ = {isa = PBXFileReference; lastKnownFileType = sourcecode.swift; path = FruitsModel.swift; sourceTree = "<group>"; };
		025E7BA22B0BACCB0013F780 /* FruitData.swift */ = {isa = PBXFileReference; lastKnownFileType = sourcecode.swift; path = FruitData.swift; sourceTree = "<group>"; };
		025E7BA42B0C71190013F780 /* FruitRowView.swift */ = {isa = PBXFileReference; lastKnownFileType = sourcecode.swift; path = FruitRowView.swift; sourceTree = "<group>"; };
		025E7BA62B0CACF20013F780 /* FruitDetailView.swift */ = {isa = PBXFileReference; lastKnownFileType = sourcecode.swift; path = FruitDetailView.swift; sourceTree = "<group>"; };
		025E7BA82B0CBA8E0013F780 /* FruitHeaderView.swift */ = {isa = PBXFileReference; lastKnownFileType = sourcecode.swift; path = FruitHeaderView.swift; sourceTree = "<group>"; };
		025E7BAA2B0CBD460013F780 /* SourceLinkView.swift */ = {isa = PBXFileReference; lastKnownFileType = sourcecode.swift; path = SourceLinkView.swift; sourceTree = "<group>"; };
		025E7BAC2B0CC2540013F780 /* FruitNutrientsView.swift */ = {isa = PBXFileReference; lastKnownFileType = sourcecode.swift; path = FruitNutrientsView.swift; sourceTree = "<group>"; };
		025E7BAE2B0CD5B20013F780 /* SettingsView.swift */ = {isa = PBXFileReference; lastKnownFileType = sourcecode.swift; path = SettingsView.swift; sourceTree = "<group>"; };
/* End PBXFileReference section */

/* Begin PBXFrameworksBuildPhase section */
		025E7B822B0B51F10013F780 /* Frameworks */ = {
			isa = PBXFrameworksBuildPhase;
			buildActionMask = 2147483647;
			files = (
			);
			runOnlyForDeploymentPostprocessing = 0;
		};
/* End PBXFrameworksBuildPhase section */

/* Begin PBXGroup section */
		025E7B7C2B0B51F10013F780 = {
			isa = PBXGroup;
			children = (
				025E7B872B0B51F10013F780 /* FruitsPagination */,
				025E7B862B0B51F10013F780 /* Products */,
			);
			sourceTree = "<group>";
		};
		025E7B862B0B51F10013F780 /* Products */ = {
			isa = PBXGroup;
			children = (
				025E7B852B0B51F10013F780 /* FruitsPagination.app */,
			);
			name = Products;
			sourceTree = "<group>";
		};
		025E7B872B0B51F10013F780 /* FruitsPagination */ = {
			isa = PBXGroup;
			children = (
				025E7B9F2B0BAB910013F780 /* Model */,
				025E7B982B0B60A80013F780 /* Data */,
				025E7B972B0B60980013F780 /* View */,
				025E7B962B0B60880013F780 /* App */,
				025E7B8C2B0B51F30013F780 /* Assets.xcassets */,
				025E7B8E2B0B51F30013F780 /* Preview Content */,
			);
			path = FruitsPagination;
			sourceTree = "<group>";
		};
		025E7B8E2B0B51F30013F780 /* Preview Content */ = {
			isa = PBXGroup;
			children = (
				025E7B8F2B0B51F30013F780 /* Preview Assets.xcassets */,
			);
			path = "Preview Content";
			sourceTree = "<group>";
		};
		025E7B962B0B60880013F780 /* App */ = {
			isa = PBXGroup;
			children = (
				025E7BAE2B0CD5B20013F780 /* SettingsView.swift */,
				025E7B882B0B51F10013F780 /* FruitsPaginationApp.swift */,
				025E7B8A2B0B51F10013F780 /* ContentView.swift */,
				025E7BAC2B0CC2540013F780 /* FruitNutrientsView.swift */,
				025E7B9D2B0B6F0F0013F780 /* OnboardingView.swift */,
				025E7BA62B0CACF20013F780 /* FruitDetailView.swift */,
			);
			path = App;
			sourceTree = "<group>";
		};
		025E7B972B0B60980013F780 /* View */ = {
			isa = PBXGroup;
			children = (
				025E7B992B0B60C00013F780 /* FruitCardView.swift */,
				025E7B9B2B0B67180013F780 /* StartButtonView.swift */,
				025E7BA42B0C71190013F780 /* FruitRowView.swift */,
				025E7BA82B0CBA8E0013F780 /* FruitHeaderView.swift */,
				025E7BAA2B0CBD460013F780 /* SourceLinkView.swift */,
				021E23DB2B0CE0A400F17C72 /* SettingsLabelView.swift */,
				021E23DD2B0CE38B00F17C72 /* SettingsContentView.swift */,
			);
			path = View;
			sourceTree = "<group>";
		};
		025E7B982B0B60A80013F780 /* Data */ = {
			isa = PBXGroup;
			children = (
				025E7BA22B0BACCB0013F780 /* FruitData.swift */,
			);
			path = Data;
			sourceTree = "<group>";
		};
		025E7B9F2B0BAB910013F780 /* Model */ = {
			isa = PBXGroup;
			children = (
				025E7BA02B0BABA00013F780 /* FruitsModel.swift */,
			);
			path = Model;
			sourceTree = "<group>";
		};
/* End PBXGroup section */

/* Begin PBXNativeTarget section */
		025E7B842B0B51F10013F780 /* FruitsPagination */ = {
			isa = PBXNativeTarget;
			buildConfigurationList = 025E7B932B0B51F30013F780 /* Build configuration list for PBXNativeTarget "FruitsPagination" */;
			buildPhases = (
				025E7B812B0B51F10013F780 /* Sources */,
				025E7B822B0B51F10013F780 /* Frameworks */,
				025E7B832B0B51F10013F780 /* Resources */,
			);
			buildRules = (
			);
			dependencies = (
			);
			name = FruitsPagination;
			productName = FruitsPagination;
			productReference = 025E7B852B0B51F10013F780 /* FruitsPagination.app */;
			productType = "com.apple.product-type.application";
		};
/* End PBXNativeTarget section */

/* Begin PBXProject section */
		025E7B7D2B0B51F10013F780 /* Project object */ = {
			isa = PBXProject;
			attributes = {
				BuildIndependentTargetsInParallel = 1;
				LastSwiftUpdateCheck = 1500;
				LastUpgradeCheck = 1500;
				TargetAttributes = {
					025E7B842B0B51F10013F780 = {
						CreatedOnToolsVersion = 15.0;
					};
				};
			};
			buildConfigurationList = 025E7B802B0B51F10013F780 /* Build configuration list for PBXProject "FruitsPagination" */;
			compatibilityVersion = "Xcode 14.0";
			developmentRegion = en;
			hasScannedForEncodings = 0;
			knownRegions = (
				en,
				Base,
			);
			mainGroup = 025E7B7C2B0B51F10013F780;
			productRefGroup = 025E7B862B0B51F10013F780 /* Products */;
			projectDirPath = "";
			projectRoot = "";
			targets = (
				025E7B842B0B51F10013F780 /* FruitsPagination */,
			);
		};
/* End PBXProject section */

/* Begin PBXResourcesBuildPhase section */
		025E7B832B0B51F10013F780 /* Resources */ = {
			isa = PBXResourcesBuildPhase;
			buildActionMask = 2147483647;
			files = (
				025E7B902B0B51F30013F780 /* Preview Assets.xcassets in Resources */,
				025E7B8D2B0B51F30013F780 /* Assets.xcassets in Resources */,
			);
			runOnlyForDeploymentPostprocessing = 0;
		};
/* End PBXResourcesBuildPhase section */

/* Begin PBXSourcesBuildPhase section */
		025E7B812B0B51F10013F780 /* Sources */ = {
			isa = PBXSourcesBuildPhase;
			buildActionMask = 2147483647;
			files = (
				025E7BA32B0BACCB0013F780 /* FruitData.swift in Sources */,
				025E7BAB2B0CBD460013F780 /* SourceLinkView.swift in Sources */,
				025E7B9E2B0B6F0F0013F780 /* OnboardingView.swift in Sources */,
				025E7BA52B0C71190013F780 /* FruitRowView.swift in Sources */,
				025E7BAD2B0CC2540013F780 /* FruitNutrientsView.swift in Sources */,
				025E7B9A2B0B60C00013F780 /* FruitCardView.swift in Sources */,
				025E7BA72B0CACF20013F780 /* FruitDetailView.swift in Sources */,
				025E7BA12B0BABA00013F780 /* FruitsModel.swift in Sources */,
				025E7BA92B0CBA8E0013F780 /* FruitHeaderView.swift in Sources */,
				021E23DE2B0CE38B00F17C72 /* SettingsContentView.swift in Sources */,
				025E7B9C2B0B67180013F780 /* StartButtonView.swift in Sources */,
				021E23DC2B0CE0A400F17C72 /* SettingsLabelView.swift in Sources */,
				025E7B8B2B0B51F10013F780 /* ContentView.swift in Sources */,
				025E7B892B0B51F10013F780 /* FruitsPaginationApp.swift in Sources */,
				025E7BAF2B0CD5B20013F780 /* SettingsView.swift in Sources */,
			);
			runOnlyForDeploymentPostprocessing = 0;
		};
/* End PBXSourcesBuildPhase section */

/* Begin XCBuildConfiguration section */
		025E7B912B0B51F30013F780 /* Debug */ = {
			isa = XCBuildConfiguration;
			buildSettings = {
				ALWAYS_SEARCH_USER_PATHS = NO;
				ASSETCATALOG_COMPILER_GENERATE_SWIFT_ASSET_SYMBOL_EXTENSIONS = YES;
				CLANG_ANALYZER_NONNULL = YES;
				CLANG_ANALYZER_NUMBER_OBJECT_CONVERSION = YES_AGGRESSIVE;
				CLANG_CXX_LANGUAGE_STANDARD = "gnu++20";
				CLANG_ENABLE_MODULES = YES;
				CLANG_ENABLE_OBJC_ARC = YES;
				CLANG_ENABLE_OBJC_WEAK = YES;
				CLANG_WARN_BLOCK_CAPTURE_AUTORELEASING = YES;
				CLANG_WARN_BOOL_CONVERSION = YES;
				CLANG_WARN_COMMA = YES;
				CLANG_WARN_CONSTANT_CONVERSION = YES;
				CLANG_WARN_DEPRECATED_OBJC_IMPLEMENTATIONS = YES;
				CLANG_WARN_DIRECT_OBJC_ISA_USAGE = YES_ERROR;
				CLANG_WARN_DOCUMENTATION_COMMENTS = YES;
				CLANG_WARN_EMPTY_BODY = YES;
				CLANG_WARN_ENUM_CONVERSION = YES;
				CLANG_WARN_INFINITE_RECURSION = YES;
				CLANG_WARN_INT_CONVERSION = YES;
				CLANG_WARN_NON_LITERAL_NULL_CONVERSION = YES;
				CLANG_WARN_OBJC_IMPLICIT_RETAIN_SELF = YES;
				CLANG_WARN_OBJC_LITERAL_CONVERSION = YES;
				CLANG_WARN_OBJC_ROOT_CLASS = YES_ERROR;
				CLANG_WARN_QUOTED_INCLUDE_IN_FRAMEWORK_HEADER = YES;
				CLANG_WARN_RANGE_LOOP_ANALYSIS = YES;
				CLANG_WARN_STRICT_PROTOTYPES = YES;
				CLANG_WARN_SUSPICIOUS_MOVE = YES;
				CLANG_WARN_UNGUARDED_AVAILABILITY = YES_AGGRESSIVE;
				CLANG_WARN_UNREACHABLE_CODE = YES;
				CLANG_WARN__DUPLICATE_METHOD_MATCH = YES;
				COPY_PHASE_STRIP = NO;
				DEBUG_INFORMATION_FORMAT = dwarf;
				ENABLE_STRICT_OBJC_MSGSEND = YES;
				ENABLE_TESTABILITY = YES;
				ENABLE_USER_SCRIPT_SANDBOXING = YES;
				GCC_C_LANGUAGE_STANDARD = gnu17;
				GCC_DYNAMIC_NO_PIC = NO;
				GCC_NO_COMMON_BLOCKS = YES;
				GCC_OPTIMIZATION_LEVEL = 0;
				GCC_PREPROCESSOR_DEFINITIONS = (
					"DEBUG=1",
					"$(inherited)",
				);
				GCC_WARN_64_TO_32_BIT_CONVERSION = YES;
				GCC_WARN_ABOUT_RETURN_TYPE = YES_ERROR;
				GCC_WARN_UNDECLARED_SELECTOR = YES;
				GCC_WARN_UNINITIALIZED_AUTOS = YES_AGGRESSIVE;
				GCC_WARN_UNUSED_FUNCTION = YES;
				GCC_WARN_UNUSED_VARIABLE = YES;
				IPHONEOS_DEPLOYMENT_TARGET = 17.0;
				LOCALIZATION_PREFERS_STRING_CATALOGS = YES;
				MTL_ENABLE_DEBUG_INFO = INCLUDE_SOURCE;
				MTL_FAST_MATH = YES;
				ONLY_ACTIVE_ARCH = YES;
				SDKROOT = iphoneos;
				SWIFT_ACTIVE_COMPILATION_CONDITIONS = "DEBUG $(inherited)";
				SWIFT_OPTIMIZATION_LEVEL = "-Onone";
			};
			name = Debug;
		};
		025E7B922B0B51F30013F780 /* Release */ = {
			isa = XCBuildConfiguration;
			buildSettings = {
				ALWAYS_SEARCH_USER_PATHS = NO;
				ASSETCATALOG_COMPILER_GENERATE_SWIFT_ASSET_SYMBOL_EXTENSIONS = YES;
				CLANG_ANALYZER_NONNULL = YES;
				CLANG_ANALYZER_NUMBER_OBJECT_CONVERSION = YES_AGGRESSIVE;
				CLANG_CXX_LANGUAGE_STANDARD = "gnu++20";
				CLANG_ENABLE_MODULES = YES;
				CLANG_ENABLE_OBJC_ARC = YES;
				CLANG_ENABLE_OBJC_WEAK = YES;
				CLANG_WARN_BLOCK_CAPTURE_AUTORELEASING = YES;
				CLANG_WARN_BOOL_CONVERSION = YES;
				CLANG_WARN_COMMA = YES;
				CLANG_WARN_CONSTANT_CONVERSION = YES;
				CLANG_WARN_DEPRECATED_OBJC_IMPLEMENTATIONS = YES;
				CLANG_WARN_DIRECT_OBJC_ISA_USAGE = YES_ERROR;
				CLANG_WARN_DOCUMENTATION_COMMENTS = YES;
				CLANG_WARN_EMPTY_BODY = YES;
				CLANG_WARN_ENUM_CONVERSION = YES;
				CLANG_WARN_INFINITE_RECURSION = YES;
				CLANG_WARN_INT_CONVERSION = YES;
				CLANG_WARN_NON_LITERAL_NULL_CONVERSION = YES;
				CLANG_WARN_OBJC_IMPLICIT_RETAIN_SELF = YES;
				CLANG_WARN_OBJC_LITERAL_CONVERSION = YES;
				CLANG_WARN_OBJC_ROOT_CLASS = YES_ERROR;
				CLANG_WARN_QUOTED_INCLUDE_IN_FRAMEWORK_HEADER = YES;
				CLANG_WARN_RANGE_LOOP_ANALYSIS = YES;
				CLANG_WARN_STRICT_PROTOTYPES = YES;
				CLANG_WARN_SUSPICIOUS_MOVE = YES;
				CLANG_WARN_UNGUARDED_AVAILABILITY = YES_AGGRESSIVE;
				CLANG_WARN_UNREACHABLE_CODE = YES;
				CLANG_WARN__DUPLICATE_METHOD_MATCH = YES;
				COPY_PHASE_STRIP = NO;
				DEBUG_INFORMATION_FORMAT = "dwarf-with-dsym";
				ENABLE_NS_ASSERTIONS = NO;
				ENABLE_STRICT_OBJC_MSGSEND = YES;
				ENABLE_USER_SCRIPT_SANDBOXING = YES;
				GCC_C_LANGUAGE_STANDARD = gnu17;
				GCC_NO_COMMON_BLOCKS = YES;
				GCC_WARN_64_TO_32_BIT_CONVERSION = YES;
				GCC_WARN_ABOUT_RETURN_TYPE = YES_ERROR;
				GCC_WARN_UNDECLARED_SELECTOR = YES;
				GCC_WARN_UNINITIALIZED_AUTOS = YES_AGGRESSIVE;
				GCC_WARN_UNUSED_FUNCTION = YES;
				GCC_WARN_UNUSED_VARIABLE = YES;
				IPHONEOS_DEPLOYMENT_TARGET = 17.0;
				LOCALIZATION_PREFERS_STRING_CATALOGS = YES;
				MTL_ENABLE_DEBUG_INFO = NO;
				MTL_FAST_MATH = YES;
				SDKROOT = iphoneos;
				SWIFT_COMPILATION_MODE = wholemodule;
				VALIDATE_PRODUCT = YES;
			};
			name = Release;
		};
		025E7B942B0B51F30013F780 /* Debug */ = {
			isa = XCBuildConfiguration;
			buildSettings = {
				ASSETCATALOG_COMPILER_APPICON_NAME = AppIcon;
				ASSETCATALOG_COMPILER_GLOBAL_ACCENT_COLOR_NAME = AccentColor;
				CODE_SIGN_STYLE = Automatic;
				CURRENT_PROJECT_VERSION = 1;
				DEVELOPMENT_ASSET_PATHS = "\"FruitsPagination/Preview Content\"";
				DEVELOPMENT_TEAM = ZUBHPCYGQC;
				ENABLE_PREVIEWS = YES;
				GENERATE_INFOPLIST_FILE = YES;
				INFOPLIST_KEY_UIApplicationSceneManifest_Generation = YES;
				INFOPLIST_KEY_UIApplicationSupportsIndirectInputEvents = YES;
				INFOPLIST_KEY_UILaunchScreen_Generation = YES;
				INFOPLIST_KEY_UISupportedInterfaceOrientations = UIInterfaceOrientationPortrait;
				INFOPLIST_KEY_UISupportedInterfaceOrientations_iPad = "UIInterfaceOrientationLandscapeLeft UIInterfaceOrientationLandscapeRight";
				LD_RUNPATH_SEARCH_PATHS = (
					"$(inherited)",
					"@executable_path/Frameworks",
				);
				MARKETING_VERSION = 1.0;
				PRODUCT_BUNDLE_IDENTIFIER = com.training.FruitsPagination;
				PRODUCT_NAME = "$(TARGET_NAME)";
				SWIFT_EMIT_LOC_STRINGS = YES;
				SWIFT_VERSION = 5.0;
				TARGETED_DEVICE_FAMILY = "1,2";
			};
			name = Debug;
		};
		025E7B952B0B51F30013F780 /* Release */ = {
			isa = XCBuildConfiguration;
			buildSettings = {
				ASSETCATALOG_COMPILER_APPICON_NAME = AppIcon;
				ASSETCATALOG_COMPILER_GLOBAL_ACCENT_COLOR_NAME = AccentColor;
				CODE_SIGN_STYLE = Automatic;
				CURRENT_PROJECT_VERSION = 1;
				DEVELOPMENT_ASSET_PATHS = "\"FruitsPagination/Preview Content\"";
				DEVELOPMENT_TEAM = ZUBHPCYGQC;
				ENABLE_PREVIEWS = YES;
				GENERATE_INFOPLIST_FILE = YES;
				INFOPLIST_KEY_UIApplicationSceneManifest_Generation = YES;
				INFOPLIST_KEY_UIApplicationSupportsIndirectInputEvents = YES;
				INFOPLIST_KEY_UILaunchScreen_Generation = YES;
				INFOPLIST_KEY_UISupportedInterfaceOrientations = UIInterfaceOrientationPortrait;
				INFOPLIST_KEY_UISupportedInterfaceOrientations_iPad = "UIInterfaceOrientationLandscapeLeft UIInterfaceOrientationLandscapeRight";
				LD_RUNPATH_SEARCH_PATHS = (
					"$(inherited)",
					"@executable_path/Frameworks",
				);
				MARKETING_VERSION = 1.0;
				PRODUCT_BUNDLE_IDENTIFIER = com.training.FruitsPagination;
				PRODUCT_NAME = "$(TARGET_NAME)";
				SWIFT_EMIT_LOC_STRINGS = YES;
				SWIFT_VERSION = 5.0;
				TARGETED_DEVICE_FAMILY = "1,2";
			};
			name = Release;
		};
/* End XCBuildConfiguration section */

/* Begin XCConfigurationList section */
		025E7B802B0B51F10013F780 /* Build configuration list for PBXProject "FruitsPagination" */ = {
			isa = XCConfigurationList;
			buildConfigurations = (
				025E7B912B0B51F30013F780 /* Debug */,
				025E7B922B0B51F30013F780 /* Release */,
			);
			defaultConfigurationIsVisible = 0;
			defaultConfigurationName = Release;
		};
		025E7B932B0B51F30013F780 /* Build configuration list for PBXNativeTarget "FruitsPagination" */ = {
			isa = XCConfigurationList;
			buildConfigurations = (
				025E7B942B0B51F30013F780 /* Debug */,
				025E7B952B0B51F30013F780 /* Release */,
			);
			defaultConfigurationIsVisible = 0;
			defaultConfigurationName = Release;
		};
/* End XCConfigurationList section */
	};
	rootObject = 025E7B7D2B0B51F10013F780 /* Project object */;
}
